
Microsoft Visual Studio Solution File, Format Version 12.00
# Visual Studio Version 17
VisualStudioVersion = 17.5.002.0
MinimumVisualStudioVersion = 10.0.40219.1
Project("{2150E333-8FDC-42A3-9474-1A3956D46DE8}") = "ShapeTracker.Solution", "ShapeTracker.Solution", "{2455D00C-EE8F-4DE3-BF6E-159AA520AF4B}"
EndProject
Project("{9A19103F-16F7-4668-BE54-9A1E7A4F7556}") = "ShapeTracker", "ShapeTracker.Solution\ShapeTracker\ShapeTracker.csproj", "{DACD8B10-DDDA-4560-9076-602D99471A58}"
EndProject
Global
	GlobalSection(SolutionConfigurationPlatforms) = preSolution
		Debug|Any CPU = Debug|Any CPU
		Release|Any CPU = Release|Any CPU
	EndGlobalSection
	GlobalSection(ProjectConfigurationPlatforms) = postSolution
		{DACD8B10-DDDA-4560-9076-602D99471A58}.Debug|Any CPU.ActiveCfg = Debug|Any CPU
		{DACD8B10-DDDA-4560-9076-602D99471A58}.Debug|Any CPU.Build.0 = Debug|Any CPU
		{DACD8B10-DDDA-4560-9076-602D99471A58}.Release|Any CPU.ActiveCfg = Release|Any CPU
		{DACD8B10-DDDA-4560-9076-602D99471A58}.Release|Any CPU.Build.0 = Release|Any CPU
	EndGlobalSection
	GlobalSection(SolutionProperties) = preSolution
		HideSolutionNode = FALSE
	EndGlobalSection
	GlobalSection(NestedProjects) = preSolution
		{DACD8B10-DDDA-4560-9076-602D99471A58} = {2455D00C-EE8F-4DE3-BF6E-159AA520AF4B}
	EndGlobalSection
	GlobalSection(ExtensibilityGlobals) = postSolution
		SolutionGuid = {28DB5851-7A8F-463C-8258-663EAE963BC1}
	EndGlobalSection
EndGlobal
