
Microsoft Visual Studio Solution File, Format Version 12.00
# Visual Studio Version 17
VisualStudioVersion = 17.5.002.0
MinimumVisualStudioVersion = 10.0.40219.1
Project("{2150E333-8FDC-42A3-9474-1A3956D46DE8}") = "ShapeTracker.Solution", "ShapeTracker.Solution", "{805CBEE3-C610-440C-995F-2A598B16AF17}"
EndProject
Project("{9A19103F-16F7-4668-BE54-9A1E7A4F7556}") = "ShapeTracker", "ShapeTracker.Solution\ShapeTracker\c-sharp-shape-tracker.csproj", "{9A02625B-3702-4D4A-89D1-708DE2DDF7C4}"
EndProject
Global
	GlobalSection(SolutionConfigurationPlatforms) = preSolution
		Debug|Any CPU = Debug|Any CPU
		Release|Any CPU = Release|Any CPU
	EndGlobalSection
	GlobalSection(ProjectConfigurationPlatforms) = postSolution
		{9A02625B-3702-4D4A-89D1-708DE2DDF7C4}.Debug|Any CPU.ActiveCfg = Debug|Any CPU
		{9A02625B-3702-4D4A-89D1-708DE2DDF7C4}.Debug|Any CPU.Build.0 = Debug|Any CPU
		{9A02625B-3702-4D4A-89D1-708DE2DDF7C4}.Release|Any CPU.ActiveCfg = Release|Any CPU
		{9A02625B-3702-4D4A-89D1-708DE2DDF7C4}.Release|Any CPU.Build.0 = Release|Any CPU
	EndGlobalSection
	GlobalSection(SolutionProperties) = preSolution
		HideSolutionNode = FALSE
	EndGlobalSection
	GlobalSection(NestedProjects) = preSolution
		{9A02625B-3702-4D4A-89D1-708DE2DDF7C4} = {805CBEE3-C610-440C-995F-2A598B16AF17}
	EndGlobalSection
	GlobalSection(ExtensibilityGlobals) = postSolution
		SolutionGuid = {496F924C-845C-444B-BFD8-1593BC0F80B2}
	EndGlobalSection
EndGlobal
